// !$*UTF8*$!
{
	archiveVersion = 1;
	classes = {
	};
	objectVersion = 56;
	objects = {

/* Begin PBXBuildFile section */
		091FFF2C2B337DF8000EB19B /* Loader.swift in Sources */ = {isa = PBXBuildFile; fileRef = 091FFF2B2B337DF8000EB19B /* Loader.swift */; };
		091FFF2E2B33A089000EB19B /* FullBookInfo.swift in Sources */ = {isa = PBXBuildFile; fileRef = 091FFF2D2B33A089000EB19B /* FullBookInfo.swift */; };
		091FFF312B33B1B0000EB19B /* StringExtension.swift in Sources */ = {isa = PBXBuildFile; fileRef = 091FFF302B33B1B0000EB19B /* StringExtension.swift */; };
		091FFF352B33D510000EB19B /* Acordion.swift in Sources */ = {isa = PBXBuildFile; fileRef = 091FFF342B33D510000EB19B /* Acordion.swift */; };
		092A425C2B32208100E33C78 /* Constant.swift in Sources */ = {isa = PBXBuildFile; fileRef = 092A425B2B32208100E33C78 /* Constant.swift */; };
		092A425E2B32221600E33C78 /* HomeTableViewController.swift in Sources */ = {isa = PBXBuildFile; fileRef = 092A425D2B32221600E33C78 /* HomeTableViewController.swift */; };
		092A42602B32225500E33C78 /* Home.storyboard in Resources */ = {isa = PBXBuildFile; fileRef = 092A425F2B32225500E33C78 /* Home.storyboard */; };
		092A42622B32282700E33C78 /* Book.swift in Sources */ = {isa = PBXBuildFile; fileRef = 092A42612B32282700E33C78 /* Book.swift */; };
		092A42642B322A0600E33C78 /* BookRequestViewModel.swift in Sources */ = {isa = PBXBuildFile; fileRef = 092A42632B322A0500E33C78 /* BookRequestViewModel.swift */; };
		092A42672B322A3900E33C78 /* BookRequest.swift in Sources */ = {isa = PBXBuildFile; fileRef = 092A42662B322A3900E33C78 /* BookRequest.swift */; };
		092A42692B322EAA00E33C78 /* CommonUtils.swift in Sources */ = {isa = PBXBuildFile; fileRef = 092A42682B322EAA00E33C78 /* CommonUtils.swift */; };
		092A426C2B3235F400E33C78 /* BookTableViewCell.swift in Sources */ = {isa = PBXBuildFile; fileRef = 092A426B2B3235F400E33C78 /* BookTableViewCell.swift */; };
		092A42702B323CAC00E33C78 /* BookDetailViewController.swift in Sources */ = {isa = PBXBuildFile; fileRef = 092A426F2B323CAC00E33C78 /* BookDetailViewController.swift */; };
		092A42722B323D2900E33C78 /* PersistenceService.swift in Sources */ = {isa = PBXBuildFile; fileRef = 092A42712B323D2900E33C78 /* PersistenceService.swift */; };
		092A42752B3242C400E33C78 /* UserDefaultEnum.swift in Sources */ = {isa = PBXBuildFile; fileRef = 092A42742B3242C400E33C78 /* UserDefaultEnum.swift */; };
		092A42782B32497000E33C78 /* SavedBooksTableViewController.swift in Sources */ = {isa = PBXBuildFile; fileRef = 092A42772B32497000E33C78 /* SavedBooksTableViewController.swift */; };
		092A427A2B32BA1400E33C78 /* SearchBookTableViewCell.swift in Sources */ = {isa = PBXBuildFile; fileRef = 092A42792B32BA1400E33C78 /* SearchBookTableViewCell.swift */; };
		092A427C2B32BA9800E33C78 /* OptionPaginateEnum.swift in Sources */ = {isa = PBXBuildFile; fileRef = 092A427B2B32BA9800E33C78 /* OptionPaginateEnum.swift */; };
		096E6DBF2B30FE28004D42AB /* AppDelegate.swift in Sources */ = {isa = PBXBuildFile; fileRef = 096E6DBE2B30FE28004D42AB /* AppDelegate.swift */; };
		096E6DC12B30FE28004D42AB /* SceneDelegate.swift in Sources */ = {isa = PBXBuildFile; fileRef = 096E6DC02B30FE28004D42AB /* SceneDelegate.swift */; };
		096E6DC62B30FE28004D42AB /* Main.storyboard in Resources */ = {isa = PBXBuildFile; fileRef = 096E6DC42B30FE28004D42AB /* Main.storyboard */; };
		096E6DC92B30FE28004D42AB /* Bookiverse.xcdatamodeld in Sources */ = {isa = PBXBuildFile; fileRef = 096E6DC72B30FE28004D42AB /* Bookiverse.xcdatamodeld */; };
		096E6DCB2B30FE29004D42AB /* Assets.xcassets in Resources */ = {isa = PBXBuildFile; fileRef = 096E6DCA2B30FE29004D42AB /* Assets.xcassets */; };
		096E6DCE2B30FE29004D42AB /* LaunchScreen.storyboard in Resources */ = {isa = PBXBuildFile; fileRef = 096E6DCC2B30FE29004D42AB /* LaunchScreen.storyboard */; };
		096E6DE52B30FE29004D42AB /* BookiverseUITestsLaunchTests.swift in Sources */ = {isa = PBXBuildFile; fileRef = 096E6DE42B30FE29004D42AB /* BookiverseUITestsLaunchTests.swift */; };
		096E6DF52B314D0C004D42AB /* FirebaseAnalytics in Frameworks */ = {isa = PBXBuildFile; productRef = 096E6DF42B314D0C004D42AB /* FirebaseAnalytics */; };
		096E6DF72B314D0C004D42AB /* FirebaseAnalyticsSwift in Frameworks */ = {isa = PBXBuildFile; productRef = 096E6DF62B314D0C004D42AB /* FirebaseAnalyticsSwift */; };
		096E6DF92B314D0C004D42AB /* FirebaseAuth in Frameworks */ = {isa = PBXBuildFile; productRef = 096E6DF82B314D0C004D42AB /* FirebaseAuth */; };
		096E6DFB2B314D0C004D42AB /* FirebaseCrashlytics in Frameworks */ = {isa = PBXBuildFile; productRef = 096E6DFA2B314D0C004D42AB /* FirebaseCrashlytics */; };
		096E6DFE2B314D99004D42AB /* GoogleService-Info.plist in Resources */ = {isa = PBXBuildFile; fileRef = 096E6DFD2B314D98004D42AB /* GoogleService-Info.plist */; };
		09EE41DA2B34A6AB00D6FF2B /* LoginViewController.swift in Sources */ = {isa = PBXBuildFile; fileRef = 09EE41D92B34A6AB00D6FF2B /* LoginViewController.swift */; };
		09EE41DD2B34A71500D6FF2B /* GoogleSignIn in Frameworks */ = {isa = PBXBuildFile; productRef = 09EE41DC2B34A71500D6FF2B /* GoogleSignIn */; };
		09EE41DF2B34A71500D6FF2B /* GoogleSignInSwift in Frameworks */ = {isa = PBXBuildFile; productRef = 09EE41DE2B34A71500D6FF2B /* GoogleSignInSwift */; };
		09EE41E22B34A87C00D6FF2B /* RegisterViewController.swift in Sources */ = {isa = PBXBuildFile; fileRef = 09EE41E12B34A87C00D6FF2B /* RegisterViewController.swift */; };
		09FCB93D2B34E21A007F90D4 /* BookRequestTests.swift in Sources */ = {isa = PBXBuildFile; fileRef = 09FCB93C2B34E21A007F90D4 /* BookRequestTests.swift */; };
		09FCB93F2B34E777007F90D4 /* LoginPageTests.swift in Sources */ = {isa = PBXBuildFile; fileRef = 09FCB93E2B34E777007F90D4 /* LoginPageTests.swift */; };
		09FCB9412B34F013007F90D4 /* README.md in Resources */ = {isa = PBXBuildFile; fileRef = 09FCB9402B34F013007F90D4 /* README.md */; };
/* End PBXBuildFile section */

/* Begin PBXContainerItemProxy section */
		096E6DD52B30FE29004D42AB /* PBXContainerItemProxy */ = {
			isa = PBXContainerItemProxy;
			containerPortal = 096E6DB32B30FE27004D42AB /* Project object */;
			proxyType = 1;
			remoteGlobalIDString = 096E6DBA2B30FE28004D42AB;
			remoteInfo = Bookiverse;
		};
		096E6DDF2B30FE29004D42AB /* PBXContainerItemProxy */ = {
			isa = PBXContainerItemProxy;
			containerPortal = 096E6DB32B30FE27004D42AB /* Project object */;
			proxyType = 1;
			remoteGlobalIDString = 096E6DBA2B30FE28004D42AB;
			remoteInfo = Bookiverse;
		};
/* End PBXContainerItemProxy section */

/* Begin PBXFileReference section */
		091FFF2B2B337DF8000EB19B /* Loader.swift */ = {isa = PBXFileReference; lastKnownFileType = sourcecode.swift; path = Loader.swift; sourceTree = "<group>"; };
		091FFF2D2B33A089000EB19B /* FullBookInfo.swift */ = {isa = PBXFileReference; lastKnownFileType = sourcecode.swift; path = FullBookInfo.swift; sourceTree = "<group>"; };
		091FFF302B33B1B0000EB19B /* StringExtension.swift */ = {isa = PBXFileReference; lastKnownFileType = sourcecode.swift; path = StringExtension.swift; sourceTree = "<group>"; };
		091FFF342B33D510000EB19B /* Acordion.swift */ = {isa = PBXFileReference; lastKnownFileType = sourcecode.swift; path = Acordion.swift; sourceTree = "<group>"; };
		092A425B2B32208100E33C78 /* Constant.swift */ = {isa = PBXFileReference; lastKnownFileType = sourcecode.swift; path = Constant.swift; sourceTree = "<group>"; };
		092A425D2B32221600E33C78 /* HomeTableViewController.swift */ = {isa = PBXFileReference; lastKnownFileType = sourcecode.swift; path = HomeTableViewController.swift; sourceTree = "<group>"; };
		092A425F2B32225500E33C78 /* Home.storyboard */ = {isa = PBXFileReference; lastKnownFileType = file.storyboard; path = Home.storyboard; sourceTree = "<group>"; };
		092A42612B32282700E33C78 /* Book.swift */ = {isa = PBXFileReference; lastKnownFileType = sourcecode.swift; path = Book.swift; sourceTree = "<group>"; };
		092A42632B322A0500E33C78 /* BookRequestViewModel.swift */ = {isa = PBXFileReference; lastKnownFileType = sourcecode.swift; path = BookRequestViewModel.swift; sourceTree = "<group>"; };
		092A42662B322A3900E33C78 /* BookRequest.swift */ = {isa = PBXFileReference; lastKnownFileType = sourcecode.swift; path = BookRequest.swift; sourceTree = "<group>"; };
		092A42682B322EAA00E33C78 /* CommonUtils.swift */ = {isa = PBXFileReference; lastKnownFileType = sourcecode.swift; path = CommonUtils.swift; sourceTree = "<group>"; };
		092A426B2B3235F400E33C78 /* BookTableViewCell.swift */ = {isa = PBXFileReference; lastKnownFileType = sourcecode.swift; path = BookTableViewCell.swift; sourceTree = "<group>"; };
		092A426F2B323CAC00E33C78 /* BookDetailViewController.swift */ = {isa = PBXFileReference; lastKnownFileType = sourcecode.swift; path = BookDetailViewController.swift; sourceTree = "<group>"; };
		092A42712B323D2900E33C78 /* PersistenceService.swift */ = {isa = PBXFileReference; lastKnownFileType = sourcecode.swift; path = PersistenceService.swift; sourceTree = "<group>"; };
		092A42742B3242C400E33C78 /* UserDefaultEnum.swift */ = {isa = PBXFileReference; lastKnownFileType = sourcecode.swift; path = UserDefaultEnum.swift; sourceTree = "<group>"; };
		092A42772B32497000E33C78 /* SavedBooksTableViewController.swift */ = {isa = PBXFileReference; lastKnownFileType = sourcecode.swift; path = SavedBooksTableViewController.swift; sourceTree = "<group>"; };
		092A42792B32BA1400E33C78 /* SearchBookTableViewCell.swift */ = {isa = PBXFileReference; lastKnownFileType = sourcecode.swift; path = SearchBookTableViewCell.swift; sourceTree = "<group>"; };
		092A427B2B32BA9800E33C78 /* OptionPaginateEnum.swift */ = {isa = PBXFileReference; lastKnownFileType = sourcecode.swift; path = OptionPaginateEnum.swift; sourceTree = "<group>"; };
		096E6DBB2B30FE28004D42AB /* Bookiverse.app */ = {isa = PBXFileReference; explicitFileType = wrapper.application; includeInIndex = 0; path = Bookiverse.app; sourceTree = BUILT_PRODUCTS_DIR; };
		096E6DBE2B30FE28004D42AB /* AppDelegate.swift */ = {isa = PBXFileReference; lastKnownFileType = sourcecode.swift; path = AppDelegate.swift; sourceTree = "<group>"; };
		096E6DC02B30FE28004D42AB /* SceneDelegate.swift */ = {isa = PBXFileReference; lastKnownFileType = sourcecode.swift; path = SceneDelegate.swift; sourceTree = "<group>"; };
		096E6DC52B30FE28004D42AB /* Base */ = {isa = PBXFileReference; lastKnownFileType = file.storyboard; name = Base; path = Base.lproj/Main.storyboard; sourceTree = "<group>"; };
		096E6DC82B30FE28004D42AB /* Bookiverse.xcdatamodel */ = {isa = PBXFileReference; lastKnownFileType = wrapper.xcdatamodel; path = Bookiverse.xcdatamodel; sourceTree = "<group>"; };
		096E6DCA2B30FE29004D42AB /* Assets.xcassets */ = {isa = PBXFileReference; lastKnownFileType = folder.assetcatalog; path = Assets.xcassets; sourceTree = "<group>"; };
		096E6DCD2B30FE29004D42AB /* Base */ = {isa = PBXFileReference; lastKnownFileType = file.storyboard; name = Base; path = Base.lproj/LaunchScreen.storyboard; sourceTree = "<group>"; };
		096E6DCF2B30FE29004D42AB /* Info.plist */ = {isa = PBXFileReference; lastKnownFileType = text.plist.xml; path = Info.plist; sourceTree = "<group>"; };
		096E6DD42B30FE29004D42AB /* BookiverseTests.xctest */ = {isa = PBXFileReference; explicitFileType = wrapper.cfbundle; includeInIndex = 0; path = BookiverseTests.xctest; sourceTree = BUILT_PRODUCTS_DIR; };
		096E6DDE2B30FE29004D42AB /* BookiverseUITests.xctest */ = {isa = PBXFileReference; explicitFileType = wrapper.cfbundle; includeInIndex = 0; path = BookiverseUITests.xctest; sourceTree = BUILT_PRODUCTS_DIR; };
		096E6DE42B30FE29004D42AB /* BookiverseUITestsLaunchTests.swift */ = {isa = PBXFileReference; lastKnownFileType = sourcecode.swift; path = BookiverseUITestsLaunchTests.swift; sourceTree = "<group>"; };
		096E6DFD2B314D98004D42AB /* GoogleService-Info.plist */ = {isa = PBXFileReference; fileEncoding = 4; lastKnownFileType = text.plist.xml; path = "GoogleService-Info.plist"; sourceTree = "<group>"; };
		09EE41D92B34A6AB00D6FF2B /* LoginViewController.swift */ = {isa = PBXFileReference; lastKnownFileType = sourcecode.swift; path = LoginViewController.swift; sourceTree = "<group>"; };
		09EE41E12B34A87C00D6FF2B /* RegisterViewController.swift */ = {isa = PBXFileReference; lastKnownFileType = sourcecode.swift; path = RegisterViewController.swift; sourceTree = "<group>"; };
		09FCB93C2B34E21A007F90D4 /* BookRequestTests.swift */ = {isa = PBXFileReference; lastKnownFileType = sourcecode.swift; path = BookRequestTests.swift; sourceTree = "<group>"; };
		09FCB93E2B34E777007F90D4 /* LoginPageTests.swift */ = {isa = PBXFileReference; lastKnownFileType = sourcecode.swift; path = LoginPageTests.swift; sourceTree = "<group>"; };
		09FCB9402B34F013007F90D4 /* README.md */ = {isa = PBXFileReference; fileEncoding = 4; lastKnownFileType = net.daringfireball.markdown; path = README.md; sourceTree = "<group>"; };
/* End PBXFileReference section */

/* Begin PBXFrameworksBuildPhase section */
		096E6DB82B30FE28004D42AB /* Frameworks */ = {
			isa = PBXFrameworksBuildPhase;
			buildActionMask = 2147483647;
			files = (
				09EE41DD2B34A71500D6FF2B /* GoogleSignIn in Frameworks */,
				096E6DF72B314D0C004D42AB /* FirebaseAnalyticsSwift in Frameworks */,
				096E6DFB2B314D0C004D42AB /* FirebaseCrashlytics in Frameworks */,
				09EE41DF2B34A71500D6FF2B /* GoogleSignInSwift in Frameworks */,
				096E6DF92B314D0C004D42AB /* FirebaseAuth in Frameworks */,
				096E6DF52B314D0C004D42AB /* FirebaseAnalytics in Frameworks */,
			);
			runOnlyForDeploymentPostprocessing = 0;
		};
		096E6DD12B30FE29004D42AB /* Frameworks */ = {
			isa = PBXFrameworksBuildPhase;
			buildActionMask = 2147483647;
			files = (
			);
			runOnlyForDeploymentPostprocessing = 0;
		};
		096E6DDB2B30FE29004D42AB /* Frameworks */ = {
			isa = PBXFrameworksBuildPhase;
			buildActionMask = 2147483647;
			files = (
			);
			runOnlyForDeploymentPostprocessing = 0;
		};
/* End PBXFrameworksBuildPhase section */

/* Begin PBXGroup section */
		091FFF2F2B33B19F000EB19B /* Extensions */ = {
			isa = PBXGroup;
			children = (
				091FFF302B33B1B0000EB19B /* StringExtension.swift */,
			);
			path = Extensions;
			sourceTree = "<group>";
		};
		092A42562B321FF000E33C78 /* View */ = {
			isa = PBXGroup;
			children = (
				096E6DC42B30FE28004D42AB /* Main.storyboard */,
				096E6DCC2B30FE29004D42AB /* LaunchScreen.storyboard */,
				092A425F2B32225500E33C78 /* Home.storyboard */,
			);
			path = View;
			sourceTree = "<group>";
		};
		092A42572B321FF600E33C78 /* ViewModel */ = {
			isa = PBXGroup;
			children = (
				09EE41E02B34A86D00D6FF2B /* Register */,
				09EE41D82B34A6A100D6FF2B /* Login */,
				092A42762B32495C00E33C78 /* SavedBook */,
				092A426A2B3235D300E33C78 /* Book */,
			);
			path = ViewModel;
			sourceTree = "<group>";
		};
		092A42582B32201600E33C78 /* Model */ = {
			isa = PBXGroup;
			children = (
				092A42612B32282700E33C78 /* Book.swift */,
				091FFF2D2B33A089000EB19B /* FullBookInfo.swift */,
				091FFF342B33D510000EB19B /* Acordion.swift */,
			);
			path = Model;
			sourceTree = "<group>";
		};
		092A42592B32201E00E33C78 /* Network */ = {
			isa = PBXGroup;
			children = (
				092A42652B322A0B00E33C78 /* Book */,
			);
			path = Network;
			sourceTree = "<group>";
		};
		092A425A2B32204A00E33C78 /* Utilities */ = {
			isa = PBXGroup;
			children = (
				091FFF2F2B33B19F000EB19B /* Extensions */,
				092A42732B3242B600E33C78 /* Enum */,
				092A425B2B32208100E33C78 /* Constant.swift */,
				092A42682B322EAA00E33C78 /* CommonUtils.swift */,
				092A42712B323D2900E33C78 /* PersistenceService.swift */,
				091FFF2B2B337DF8000EB19B /* Loader.swift */,
			);
			path = Utilities;
			sourceTree = "<group>";
		};
		092A42652B322A0B00E33C78 /* Book */ = {
			isa = PBXGroup;
			children = (
				092A42632B322A0500E33C78 /* BookRequestViewModel.swift */,
				092A42662B322A3900E33C78 /* BookRequest.swift */,
			);
			path = Book;
			sourceTree = "<group>";
		};
		092A426A2B3235D300E33C78 /* Book */ = {
			isa = PBXGroup;
			children = (
				092A425D2B32221600E33C78 /* HomeTableViewController.swift */,
				092A426B2B3235F400E33C78 /* BookTableViewCell.swift */,
				092A426F2B323CAC00E33C78 /* BookDetailViewController.swift */,
				092A42792B32BA1400E33C78 /* SearchBookTableViewCell.swift */,
			);
			path = Book;
			sourceTree = "<group>";
		};
		092A42732B3242B600E33C78 /* Enum */ = {
			isa = PBXGroup;
			children = (
				092A42742B3242C400E33C78 /* UserDefaultEnum.swift */,
				092A427B2B32BA9800E33C78 /* OptionPaginateEnum.swift */,
			);
			path = Enum;
			sourceTree = "<group>";
		};
		092A42762B32495C00E33C78 /* SavedBook */ = {
			isa = PBXGroup;
			children = (
				092A42772B32497000E33C78 /* SavedBooksTableViewController.swift */,
			);
			path = SavedBook;
			sourceTree = "<group>";
		};
		096E6DB22B30FE27004D42AB = {
			isa = PBXGroup;
			children = (
				09FCB9402B34F013007F90D4 /* README.md */,
				096E6DBD2B30FE28004D42AB /* Bookiverse */,
				096E6DD72B30FE29004D42AB /* BookiverseTests */,
				096E6DE12B30FE29004D42AB /* BookiverseUITests */,
				096E6DBC2B30FE28004D42AB /* Products */,
			);
			sourceTree = "<group>";
		};
		096E6DBC2B30FE28004D42AB /* Products */ = {
			isa = PBXGroup;
			children = (
				096E6DBB2B30FE28004D42AB /* Bookiverse.app */,
				096E6DD42B30FE29004D42AB /* BookiverseTests.xctest */,
				096E6DDE2B30FE29004D42AB /* BookiverseUITests.xctest */,
			);
			name = Products;
			sourceTree = "<group>";
		};
		096E6DBD2B30FE28004D42AB /* Bookiverse */ = {
			isa = PBXGroup;
			children = (
				096E6DFC2B314D2D004D42AB /* App */,
				092A42592B32201E00E33C78 /* Network */,
				092A425A2B32204A00E33C78 /* Utilities */,
				092A42582B32201600E33C78 /* Model */,
				092A42572B321FF600E33C78 /* ViewModel */,
				092A42562B321FF000E33C78 /* View */,
				096E6DCA2B30FE29004D42AB /* Assets.xcassets */,
				096E6DCF2B30FE29004D42AB /* Info.plist */,
				096E6DFD2B314D98004D42AB /* GoogleService-Info.plist */,
			);
			path = Bookiverse;
			sourceTree = "<group>";
		};
		096E6DD72B30FE29004D42AB /* BookiverseTests */ = {
			isa = PBXGroup;
			children = (
				09FCB93C2B34E21A007F90D4 /* BookRequestTests.swift */,
			);
			path = BookiverseTests;
			sourceTree = "<group>";
		};
		096E6DE12B30FE29004D42AB /* BookiverseUITests */ = {
			isa = PBXGroup;
			children = (
				096E6DE42B30FE29004D42AB /* BookiverseUITestsLaunchTests.swift */,
				09FCB93E2B34E777007F90D4 /* LoginPageTests.swift */,
			);
			path = BookiverseUITests;
			sourceTree = "<group>";
		};
		096E6DFC2B314D2D004D42AB /* App */ = {
			isa = PBXGroup;
			children = (
				096E6DBE2B30FE28004D42AB /* AppDelegate.swift */,
				096E6DC02B30FE28004D42AB /* SceneDelegate.swift */,
				096E6DC72B30FE28004D42AB /* Bookiverse.xcdatamodeld */,
			);
			path = App;
			sourceTree = "<group>";
		};
		09EE41D82B34A6A100D6FF2B /* Login */ = {
			isa = PBXGroup;
			children = (
				09EE41D92B34A6AB00D6FF2B /* LoginViewController.swift */,
			);
			path = Login;
			sourceTree = "<group>";
		};
		09EE41E02B34A86D00D6FF2B /* Register */ = {
			isa = PBXGroup;
			children = (
				09EE41E12B34A87C00D6FF2B /* RegisterViewController.swift */,
			);
			path = Register;
			sourceTree = "<group>";
		};
/* End PBXGroup section */

/* Begin PBXNativeTarget section */
		096E6DBA2B30FE28004D42AB /* Bookiverse */ = {
			isa = PBXNativeTarget;
			buildConfigurationList = 096E6DE82B30FE29004D42AB /* Build configuration list for PBXNativeTarget "Bookiverse" */;
			buildPhases = (
				096E6DB72B30FE28004D42AB /* Sources */,
				096E6DB82B30FE28004D42AB /* Frameworks */,
				096E6DB92B30FE28004D42AB /* Resources */,
				09EE41E32B34AB7900D6FF2B /* Crash */,
			);
			buildRules = (
			);
			dependencies = (
			);
			name = Bookiverse;
			packageProductDependencies = (
				096E6DF42B314D0C004D42AB /* FirebaseAnalytics */,
				096E6DF62B314D0C004D42AB /* FirebaseAnalyticsSwift */,
				096E6DF82B314D0C004D42AB /* FirebaseAuth */,
				096E6DFA2B314D0C004D42AB /* FirebaseCrashlytics */,
				09EE41DC2B34A71500D6FF2B /* GoogleSignIn */,
				09EE41DE2B34A71500D6FF2B /* GoogleSignInSwift */,
			);
			productName = Bookiverse;
			productReference = 096E6DBB2B30FE28004D42AB /* Bookiverse.app */;
			productType = "com.apple.product-type.application";
		};
		096E6DD32B30FE29004D42AB /* BookiverseTests */ = {
			isa = PBXNativeTarget;
			buildConfigurationList = 096E6DEB2B30FE29004D42AB /* Build configuration list for PBXNativeTarget "BookiverseTests" */;
			buildPhases = (
				096E6DD02B30FE29004D42AB /* Sources */,
				096E6DD12B30FE29004D42AB /* Frameworks */,
				096E6DD22B30FE29004D42AB /* Resources */,
			);
			buildRules = (
			);
			dependencies = (
				096E6DD62B30FE29004D42AB /* PBXTargetDependency */,
			);
			name = BookiverseTests;
			productName = BookiverseTests;
			productReference = 096E6DD42B30FE29004D42AB /* BookiverseTests.xctest */;
			productType = "com.apple.product-type.bundle.unit-test";
		};
		096E6DDD2B30FE29004D42AB /* BookiverseUITests */ = {
			isa = PBXNativeTarget;
			buildConfigurationList = 096E6DEE2B30FE29004D42AB /* Build configuration list for PBXNativeTarget "BookiverseUITests" */;
			buildPhases = (
				096E6DDA2B30FE29004D42AB /* Sources */,
				096E6DDB2B30FE29004D42AB /* Frameworks */,
				096E6DDC2B30FE29004D42AB /* Resources */,
			);
			buildRules = (
			);
			dependencies = (
				096E6DE02B30FE29004D42AB /* PBXTargetDependency */,
			);
			name = BookiverseUITests;
			productName = BookiverseUITests;
			productReference = 096E6DDE2B30FE29004D42AB /* BookiverseUITests.xctest */;
			productType = "com.apple.product-type.bundle.ui-testing";
		};
/* End PBXNativeTarget section */

/* Begin PBXProject section */
		096E6DB32B30FE27004D42AB /* Project object */ = {
			isa = PBXProject;
			attributes = {
				BuildIndependentTargetsInParallel = 1;
				LastSwiftUpdateCheck = 1500;
				LastUpgradeCheck = 1500;
				TargetAttributes = {
					096E6DBA2B30FE28004D42AB = {
						CreatedOnToolsVersion = 15.0;
					};
					096E6DD32B30FE29004D42AB = {
						CreatedOnToolsVersion = 15.0;
						TestTargetID = 096E6DBA2B30FE28004D42AB;
					};
					096E6DDD2B30FE29004D42AB = {
						CreatedOnToolsVersion = 15.0;
						TestTargetID = 096E6DBA2B30FE28004D42AB;
					};
				};
			};
			buildConfigurationList = 096E6DB62B30FE27004D42AB /* Build configuration list for PBXProject "Bookiverse" */;
			compatibilityVersion = "Xcode 14.0";
			developmentRegion = en;
			hasScannedForEncodings = 0;
			knownRegions = (
				en,
				Base,
			);
			mainGroup = 096E6DB22B30FE27004D42AB;
			packageReferences = (
				096E6DF32B314D0C004D42AB /* XCRemoteSwiftPackageReference "firebase-ios-sdk" */,
				09EE41DB2B34A71500D6FF2B /* XCRemoteSwiftPackageReference "GoogleSignIn-iOS" */,
			);
			productRefGroup = 096E6DBC2B30FE28004D42AB /* Products */;
			projectDirPath = "";
			projectRoot = "";
			targets = (
				096E6DBA2B30FE28004D42AB /* Bookiverse */,
				096E6DD32B30FE29004D42AB /* BookiverseTests */,
				096E6DDD2B30FE29004D42AB /* BookiverseUITests */,
			);
		};
/* End PBXProject section */

/* Begin PBXResourcesBuildPhase section */
		096E6DB92B30FE28004D42AB /* Resources */ = {
			isa = PBXResourcesBuildPhase;
			buildActionMask = 2147483647;
			files = (
				09FCB9412B34F013007F90D4 /* README.md in Resources */,
				096E6DCE2B30FE29004D42AB /* LaunchScreen.storyboard in Resources */,
				092A42602B32225500E33C78 /* Home.storyboard in Resources */,
				096E6DFE2B314D99004D42AB /* GoogleService-Info.plist in Resources */,
				096E6DCB2B30FE29004D42AB /* Assets.xcassets in Resources */,
				096E6DC62B30FE28004D42AB /* Main.storyboard in Resources */,
			);
			runOnlyForDeploymentPostprocessing = 0;
		};
		096E6DD22B30FE29004D42AB /* Resources */ = {
			isa = PBXResourcesBuildPhase;
			buildActionMask = 2147483647;
			files = (
			);
			runOnlyForDeploymentPostprocessing = 0;
		};
		096E6DDC2B30FE29004D42AB /* Resources */ = {
			isa = PBXResourcesBuildPhase;
			buildActionMask = 2147483647;
			files = (
			);
			runOnlyForDeploymentPostprocessing = 0;
		};
/* End PBXResourcesBuildPhase section */

/* Begin PBXShellScriptBuildPhase section */
		09EE41E32B34AB7900D6FF2B /* Crash */ = {
			isa = PBXShellScriptBuildPhase;
			buildActionMask = 2147483647;
			files = (
			);
			inputFileListPaths = (
			);
			inputPaths = (
				"${DWARF_DSYM_FOLDER_PATH}/${DWARF_DSYM_FILE_NAME}",
				"${DWARF_DSYM_FOLDER_PATH}/${DWARF_DSYM_FILE_NAME}/Contents/Resources/DWARF/${PRODUCT_NAME}",
				"${DWARF_DSYM_FOLDER_PATH}/${DWARF_DSYM_FILE_NAME}/Contents/Info.plist",
				"$(TARGET_BUILD_DIR)/$(UNLOCALIZED_RESOURCES_FOLDER_PATH)/GoogleService-Info.plist",
				"$(TARGET_BUILD_DIR)/$(EXECUTABLE_PATH)",
			);
			name = Crash;
			outputFileListPaths = (
			);
			outputPaths = (
			);
			runOnlyForDeploymentPostprocessing = 0;
			shellPath = /bin/sh;
			shellScript = "\"${BUILD_DIR%/Build/*}/SourcePackages/checkouts/firebase-ios-sdk/Crashlytics/run\"\n";
		};
/* End PBXShellScriptBuildPhase section */

/* Begin PBXSourcesBuildPhase section */
		096E6DB72B30FE28004D42AB /* Sources */ = {
			isa = PBXSourcesBuildPhase;
			buildActionMask = 2147483647;
			files = (
				092A42642B322A0600E33C78 /* BookRequestViewModel.swift in Sources */,
				092A42752B3242C400E33C78 /* UserDefaultEnum.swift in Sources */,
				092A42622B32282700E33C78 /* Book.swift in Sources */,
				092A42782B32497000E33C78 /* SavedBooksTableViewController.swift in Sources */,
				092A42702B323CAC00E33C78 /* BookDetailViewController.swift in Sources */,
				096E6DC92B30FE28004D42AB /* Bookiverse.xcdatamodeld in Sources */,
				092A426C2B3235F400E33C78 /* BookTableViewCell.swift in Sources */,
				092A42722B323D2900E33C78 /* PersistenceService.swift in Sources */,
				091FFF2C2B337DF8000EB19B /* Loader.swift in Sources */,
				09EE41DA2B34A6AB00D6FF2B /* LoginViewController.swift in Sources */,
				092A425C2B32208100E33C78 /* Constant.swift in Sources */,
				091FFF352B33D510000EB19B /* Acordion.swift in Sources */,
				092A42672B322A3900E33C78 /* BookRequest.swift in Sources */,
				09EE41E22B34A87C00D6FF2B /* RegisterViewController.swift in Sources */,
				091FFF312B33B1B0000EB19B /* StringExtension.swift in Sources */,
				092A42692B322EAA00E33C78 /* CommonUtils.swift in Sources */,
				092A427C2B32BA9800E33C78 /* OptionPaginateEnum.swift in Sources */,
				092A427A2B32BA1400E33C78 /* SearchBookTableViewCell.swift in Sources */,
				096E6DBF2B30FE28004D42AB /* AppDelegate.swift in Sources */,
				091FFF2E2B33A089000EB19B /* FullBookInfo.swift in Sources */,
				096E6DC12B30FE28004D42AB /* SceneDelegate.swift in Sources */,
				092A425E2B32221600E33C78 /* HomeTableViewController.swift in Sources */,
			);
			runOnlyForDeploymentPostprocessing = 0;
		};
		096E6DD02B30FE29004D42AB /* Sources */ = {
			isa = PBXSourcesBuildPhase;
			buildActionMask = 2147483647;
			files = (
				09FCB93D2B34E21A007F90D4 /* BookRequestTests.swift in Sources */,
			);
			runOnlyForDeploymentPostprocessing = 0;
		};
		096E6DDA2B30FE29004D42AB /* Sources */ = {
			isa = PBXSourcesBuildPhase;
			buildActionMask = 2147483647;
			files = (
				09FCB93F2B34E777007F90D4 /* LoginPageTests.swift in Sources */,
				096E6DE52B30FE29004D42AB /* BookiverseUITestsLaunchTests.swift in Sources */,
			);
			runOnlyForDeploymentPostprocessing = 0;
		};
/* End PBXSourcesBuildPhase section */

/* Begin PBXTargetDependency section */
		096E6DD62B30FE29004D42AB /* PBXTargetDependency */ = {
			isa = PBXTargetDependency;
			target = 096E6DBA2B30FE28004D42AB /* Bookiverse */;
			targetProxy = 096E6DD52B30FE29004D42AB /* PBXContainerItemProxy */;
		};
		096E6DE02B30FE29004D42AB /* PBXTargetDependency */ = {
			isa = PBXTargetDependency;
			target = 096E6DBA2B30FE28004D42AB /* Bookiverse */;
			targetProxy = 096E6DDF2B30FE29004D42AB /* PBXContainerItemProxy */;
		};
/* End PBXTargetDependency section */

/* Begin PBXVariantGroup section */
		096E6DC42B30FE28004D42AB /* Main.storyboard */ = {
			isa = PBXVariantGroup;
			children = (
				096E6DC52B30FE28004D42AB /* Base */,
			);
			name = Main.storyboard;
			sourceTree = "<group>";
		};
		096E6DCC2B30FE29004D42AB /* LaunchScreen.storyboard */ = {
			isa = PBXVariantGroup;
			children = (
				096E6DCD2B30FE29004D42AB /* Base */,
			);
			name = LaunchScreen.storyboard;
			sourceTree = "<group>";
		};
/* End PBXVariantGroup section */

/* Begin XCBuildConfiguration section */
		096E6DE62B30FE29004D42AB /* Debug */ = {
			isa = XCBuildConfiguration;
			buildSettings = {
				ALWAYS_SEARCH_USER_PATHS = NO;
				ASSETCATALOG_COMPILER_GENERATE_SWIFT_ASSET_SYMBOL_EXTENSIONS = YES;
				CLANG_ANALYZER_NONNULL = YES;
				CLANG_ANALYZER_NUMBER_OBJECT_CONVERSION = YES_AGGRESSIVE;
				CLANG_CXX_LANGUAGE_STANDARD = "gnu++20";
				CLANG_ENABLE_MODULES = YES;
				CLANG_ENABLE_OBJC_ARC = YES;
				CLANG_ENABLE_OBJC_WEAK = YES;
				CLANG_WARN_BLOCK_CAPTURE_AUTORELEASING = YES;
				CLANG_WARN_BOOL_CONVERSION = YES;
				CLANG_WARN_COMMA = YES;
				CLANG_WARN_CONSTANT_CONVERSION = YES;
				CLANG_WARN_DEPRECATED_OBJC_IMPLEMENTATIONS = YES;
				CLANG_WARN_DIRECT_OBJC_ISA_USAGE = YES_ERROR;
				CLANG_WARN_DOCUMENTATION_COMMENTS = YES;
				CLANG_WARN_EMPTY_BODY = YES;
				CLANG_WARN_ENUM_CONVERSION = YES;
				CLANG_WARN_INFINITE_RECURSION = YES;
				CLANG_WARN_INT_CONVERSION = YES;
				CLANG_WARN_NON_LITERAL_NULL_CONVERSION = YES;
				CLANG_WARN_OBJC_IMPLICIT_RETAIN_SELF = YES;
				CLANG_WARN_OBJC_LITERAL_CONVERSION = YES;
				CLANG_WARN_OBJC_ROOT_CLASS = YES_ERROR;
				CLANG_WARN_QUOTED_INCLUDE_IN_FRAMEWORK_HEADER = YES;
				CLANG_WARN_RANGE_LOOP_ANALYSIS = YES;
				CLANG_WARN_STRICT_PROTOTYPES = YES;
				CLANG_WARN_SUSPICIOUS_MOVE = YES;
				CLANG_WARN_UNGUARDED_AVAILABILITY = YES_AGGRESSIVE;
				CLANG_WARN_UNREACHABLE_CODE = YES;
				CLANG_WARN__DUPLICATE_METHOD_MATCH = YES;
				COPY_PHASE_STRIP = NO;
				DEBUG_INFORMATION_FORMAT = dwarf;
				ENABLE_STRICT_OBJC_MSGSEND = YES;
				ENABLE_TESTABILITY = YES;
				ENABLE_USER_SCRIPT_SANDBOXING = YES;
				GCC_C_LANGUAGE_STANDARD = gnu17;
				GCC_DYNAMIC_NO_PIC = NO;
				GCC_NO_COMMON_BLOCKS = YES;
				GCC_OPTIMIZATION_LEVEL = 0;
				GCC_PREPROCESSOR_DEFINITIONS = (
					"DEBUG=1",
					"$(inherited)",
				);
				GCC_WARN_64_TO_32_BIT_CONVERSION = YES;
				GCC_WARN_ABOUT_RETURN_TYPE = YES_ERROR;
				GCC_WARN_UNDECLARED_SELECTOR = YES;
				GCC_WARN_UNINITIALIZED_AUTOS = YES_AGGRESSIVE;
				GCC_WARN_UNUSED_FUNCTION = YES;
				GCC_WARN_UNUSED_VARIABLE = YES;
				IPHONEOS_DEPLOYMENT_TARGET = 17.0;
				LOCALIZATION_PREFERS_STRING_CATALOGS = YES;
				MTL_ENABLE_DEBUG_INFO = INCLUDE_SOURCE;
				MTL_FAST_MATH = YES;
				ONLY_ACTIVE_ARCH = YES;
				SDKROOT = iphoneos;
				SWIFT_ACTIVE_COMPILATION_CONDITIONS = "DEBUG $(inherited)";
				SWIFT_OPTIMIZATION_LEVEL = "-Onone";
			};
			name = Debug;
		};
		096E6DE72B30FE29004D42AB /* Release */ = {
			isa = XCBuildConfiguration;
			buildSettings = {
				ALWAYS_SEARCH_USER_PATHS = NO;
				ASSETCATALOG_COMPILER_GENERATE_SWIFT_ASSET_SYMBOL_EXTENSIONS = YES;
				CLANG_ANALYZER_NONNULL = YES;
				CLANG_ANALYZER_NUMBER_OBJECT_CONVERSION = YES_AGGRESSIVE;
				CLANG_CXX_LANGUAGE_STANDARD = "gnu++20";
				CLANG_ENABLE_MODULES = YES;
				CLANG_ENABLE_OBJC_ARC = YES;
				CLANG_ENABLE_OBJC_WEAK = YES;
				CLANG_WARN_BLOCK_CAPTURE_AUTORELEASING = YES;
				CLANG_WARN_BOOL_CONVERSION = YES;
				CLANG_WARN_COMMA = YES;
				CLANG_WARN_CONSTANT_CONVERSION = YES;
				CLANG_WARN_DEPRECATED_OBJC_IMPLEMENTATIONS = YES;
				CLANG_WARN_DIRECT_OBJC_ISA_USAGE = YES_ERROR;
				CLANG_WARN_DOCUMENTATION_COMMENTS = YES;
				CLANG_WARN_EMPTY_BODY = YES;
				CLANG_WARN_ENUM_CONVERSION = YES;
				CLANG_WARN_INFINITE_RECURSION = YES;
				CLANG_WARN_INT_CONVERSION = YES;
				CLANG_WARN_NON_LITERAL_NULL_CONVERSION = YES;
				CLANG_WARN_OBJC_IMPLICIT_RETAIN_SELF = YES;
				CLANG_WARN_OBJC_LITERAL_CONVERSION = YES;
				CLANG_WARN_OBJC_ROOT_CLASS = YES_ERROR;
				CLANG_WARN_QUOTED_INCLUDE_IN_FRAMEWORK_HEADER = YES;
				CLANG_WARN_RANGE_LOOP_ANALYSIS = YES;
				CLANG_WARN_STRICT_PROTOTYPES = YES;
				CLANG_WARN_SUSPICIOUS_MOVE = YES;
				CLANG_WARN_UNGUARDED_AVAILABILITY = YES_AGGRESSIVE;
				CLANG_WARN_UNREACHABLE_CODE = YES;
				CLANG_WARN__DUPLICATE_METHOD_MATCH = YES;
				COPY_PHASE_STRIP = NO;
				DEBUG_INFORMATION_FORMAT = "dwarf-with-dsym";
				ENABLE_NS_ASSERTIONS = NO;
				ENABLE_STRICT_OBJC_MSGSEND = YES;
				ENABLE_USER_SCRIPT_SANDBOXING = YES;
				GCC_C_LANGUAGE_STANDARD = gnu17;
				GCC_NO_COMMON_BLOCKS = YES;
				GCC_WARN_64_TO_32_BIT_CONVERSION = YES;
				GCC_WARN_ABOUT_RETURN_TYPE = YES_ERROR;
				GCC_WARN_UNDECLARED_SELECTOR = YES;
				GCC_WARN_UNINITIALIZED_AUTOS = YES_AGGRESSIVE;
				GCC_WARN_UNUSED_FUNCTION = YES;
				GCC_WARN_UNUSED_VARIABLE = YES;
				IPHONEOS_DEPLOYMENT_TARGET = 17.0;
				LOCALIZATION_PREFERS_STRING_CATALOGS = YES;
				MTL_ENABLE_DEBUG_INFO = NO;
				MTL_FAST_MATH = YES;
				SDKROOT = iphoneos;
				SWIFT_COMPILATION_MODE = wholemodule;
				VALIDATE_PRODUCT = YES;
			};
			name = Release;
		};
		096E6DE92B30FE29004D42AB /* Debug */ = {
			isa = XCBuildConfiguration;
			buildSettings = {
				ASSETCATALOG_COMPILER_APPICON_NAME = AppIcon;
				ASSETCATALOG_COMPILER_GLOBAL_ACCENT_COLOR_NAME = AccentColor;
				CODE_SIGN_STYLE = Automatic;
				CURRENT_PROJECT_VERSION = 1;
				DEBUG_INFORMATION_FORMAT = "dwarf-with-dsym";
				DEVELOPMENT_TEAM = AZD7B5TZYA;
				GENERATE_INFOPLIST_FILE = YES;
				INFOPLIST_FILE = Bookiverse/Info.plist;
				INFOPLIST_KEY_NSFaceIDUsageDescription = "Para mayor seguridad y comodidad, habilita el uso de Face ID o datos biométricos.";
				INFOPLIST_KEY_UIApplicationSupportsIndirectInputEvents = YES;
				INFOPLIST_KEY_UILaunchStoryboardName = LaunchScreen;
				INFOPLIST_KEY_UIMainStoryboardFile = Main;
				INFOPLIST_KEY_UIStatusBarStyle = UIStatusBarStyleLightContent;
				INFOPLIST_KEY_UISupportedInterfaceOrientations = UIInterfaceOrientationPortrait;
				LD_RUNPATH_SEARCH_PATHS = (
					"$(inherited)",
					"@executable_path/Frameworks",
				);
				MARKETING_VERSION = 1.0.1;
				PRODUCT_BUNDLE_IDENTIFIER = prueba.tecnica.Bookiverse;
				PRODUCT_NAME = "$(TARGET_NAME)";
				SWIFT_EMIT_LOC_STRINGS = YES;
				SWIFT_VERSION = 5.0;
				TARGETED_DEVICE_FAMILY = "1,2";
			};
			name = Debug;
		};
		096E6DEA2B30FE29004D42AB /* Release */ = {
			isa = XCBuildConfiguration;
			buildSettings = {
				ASSETCATALOG_COMPILER_APPICON_NAME = AppIcon;
				ASSETCATALOG_COMPILER_GLOBAL_ACCENT_COLOR_NAME = AccentColor;
				CODE_SIGN_STYLE = Automatic;
				CURRENT_PROJECT_VERSION = 1;
				DEVELOPMENT_TEAM = AZD7B5TZYA;
				GENERATE_INFOPLIST_FILE = YES;
				INFOPLIST_FILE = Bookiverse/Info.plist;
				INFOPLIST_KEY_NSFaceIDUsageDescription = "Para mayor seguridad y comodidad, habilita el uso de Face ID o datos biométricos.";
				INFOPLIST_KEY_UIApplicationSupportsIndirectInputEvents = YES;
				INFOPLIST_KEY_UILaunchStoryboardName = LaunchScreen;
				INFOPLIST_KEY_UIMainStoryboardFile = Main;
				INFOPLIST_KEY_UIStatusBarStyle = UIStatusBarStyleLightContent;
				INFOPLIST_KEY_UISupportedInterfaceOrientations = UIInterfaceOrientationPortrait;
				LD_RUNPATH_SEARCH_PATHS = (
					"$(inherited)",
					"@executable_path/Frameworks",
				);
				MARKETING_VERSION = 1.0.1;
				PRODUCT_BUNDLE_IDENTIFIER = prueba.tecnica.Bookiverse;
				PRODUCT_NAME = "$(TARGET_NAME)";
				SWIFT_EMIT_LOC_STRINGS = YES;
				SWIFT_VERSION = 5.0;
				TARGETED_DEVICE_FAMILY = "1,2";
			};
			name = Release;
		};
		096E6DEC2B30FE29004D42AB /* Debug */ = {
			isa = XCBuildConfiguration;
			buildSettings = {
				ALWAYS_EMBED_SWIFT_STANDARD_LIBRARIES = YES;
				BUNDLE_LOADER = "$(TEST_HOST)";
				CODE_SIGN_STYLE = Automatic;
				CURRENT_PROJECT_VERSION = 1;
				DEVELOPMENT_TEAM = AZD7B5TZYA;
				GENERATE_INFOPLIST_FILE = YES;
				IPHONEOS_DEPLOYMENT_TARGET = 17.0;
				MARKETING_VERSION = 1.0;
				PRODUCT_BUNDLE_IDENTIFIER = prueba.tecnica.BookiverseTests;
				PRODUCT_NAME = "$(TARGET_NAME)";
				SWIFT_EMIT_LOC_STRINGS = NO;
				SWIFT_VERSION = 5.0;
				TARGETED_DEVICE_FAMILY = "1,2";
				TEST_HOST = "$(BUILT_PRODUCTS_DIR)/Bookiverse.app/$(BUNDLE_EXECUTABLE_FOLDER_PATH)/Bookiverse";
			};
			name = Debug;
		};
		096E6DED2B30FE29004D42AB /* Release */ = {
			isa = XCBuildConfiguration;
			buildSettings = {
				ALWAYS_EMBED_SWIFT_STANDARD_LIBRARIES = YES;
				BUNDLE_LOADER = "$(TEST_HOST)";
				CODE_SIGN_STYLE = Automatic;
				CURRENT_PROJECT_VERSION = 1;
				DEVELOPMENT_TEAM = AZD7B5TZYA;
				GENERATE_INFOPLIST_FILE = YES;
				IPHONEOS_DEPLOYMENT_TARGET = 17.0;
				MARKETING_VERSION = 1.0;
				PRODUCT_BUNDLE_IDENTIFIER = prueba.tecnica.BookiverseTests;
				PRODUCT_NAME = "$(TARGET_NAME)";
				SWIFT_EMIT_LOC_STRINGS = NO;
				SWIFT_VERSION = 5.0;
				TARGETED_DEVICE_FAMILY = "1,2";
				TEST_HOST = "$(BUILT_PRODUCTS_DIR)/Bookiverse.app/$(BUNDLE_EXECUTABLE_FOLDER_PATH)/Bookiverse";
			};
			name = Release;
		};
		096E6DEF2B30FE29004D42AB /* Debug */ = {
			isa = XCBuildConfiguration;
			buildSettings = {
				ALWAYS_EMBED_SWIFT_STANDARD_LIBRARIES = YES;
				CODE_SIGN_STYLE = Automatic;
				CURRENT_PROJECT_VERSION = 1;
				DEVELOPMENT_TEAM = AZD7B5TZYA;
				GENERATE_INFOPLIST_FILE = YES;
				MARKETING_VERSION = 1.0;
				PRODUCT_BUNDLE_IDENTIFIER = prueba.tecnica.BookiverseUITests;
				PRODUCT_NAME = "$(TARGET_NAME)";
				SWIFT_EMIT_LOC_STRINGS = NO;
				SWIFT_VERSION = 5.0;
				TARGETED_DEVICE_FAMILY = "1,2";
				TEST_TARGET_NAME = Bookiverse;
			};
			name = Debug;
		};
		096E6DF02B30FE29004D42AB /* Release */ = {
			isa = XCBuildConfiguration;
			buildSettings = {
				ALWAYS_EMBED_SWIFT_STANDARD_LIBRARIES = YES;
				CODE_SIGN_STYLE = Automatic;
				CURRENT_PROJECT_VERSION = 1;
				DEVELOPMENT_TEAM = AZD7B5TZYA;
				GENERATE_INFOPLIST_FILE = YES;
				MARKETING_VERSION = 1.0;
				PRODUCT_BUNDLE_IDENTIFIER = prueba.tecnica.BookiverseUITests;
				PRODUCT_NAME = "$(TARGET_NAME)";
				SWIFT_EMIT_LOC_STRINGS = NO;
				SWIFT_VERSION = 5.0;
				TARGETED_DEVICE_FAMILY = "1,2";
				TEST_TARGET_NAME = Bookiverse;
			};
			name = Release;
		};
/* End XCBuildConfiguration section */

/* Begin XCConfigurationList section */
		096E6DB62B30FE27004D42AB /* Build configuration list for PBXProject "Bookiverse" */ = {
			isa = XCConfigurationList;
			buildConfigurations = (
				096E6DE62B30FE29004D42AB /* Debug */,
				096E6DE72B30FE29004D42AB /* Release */,
			);
			defaultConfigurationIsVisible = 0;
			defaultConfigurationName = Release;
		};
		096E6DE82B30FE29004D42AB /* Build configuration list for PBXNativeTarget "Bookiverse" */ = {
			isa = XCConfigurationList;
			buildConfigurations = (
				096E6DE92B30FE29004D42AB /* Debug */,
				096E6DEA2B30FE29004D42AB /* Release */,
			);
			defaultConfigurationIsVisible = 0;
			defaultConfigurationName = Release;
		};
		096E6DEB2B30FE29004D42AB /* Build configuration list for PBXNativeTarget "BookiverseTests" */ = {
			isa = XCConfigurationList;
			buildConfigurations = (
				096E6DEC2B30FE29004D42AB /* Debug */,
				096E6DED2B30FE29004D42AB /* Release */,
			);
			defaultConfigurationIsVisible = 0;
			defaultConfigurationName = Release;
		};
		096E6DEE2B30FE29004D42AB /* Build configuration list for PBXNativeTarget "BookiverseUITests" */ = {
			isa = XCConfigurationList;
			buildConfigurations = (
				096E6DEF2B30FE29004D42AB /* Debug */,
				096E6DF02B30FE29004D42AB /* Release */,
			);
			defaultConfigurationIsVisible = 0;
			defaultConfigurationName = Release;
		};
/* End XCConfigurationList section */

/* Begin XCRemoteSwiftPackageReference section */
		096E6DF32B314D0C004D42AB /* XCRemoteSwiftPackageReference "firebase-ios-sdk" */ = {
			isa = XCRemoteSwiftPackageReference;
			repositoryURL = "https://github.com/firebase/firebase-ios-sdk";
			requirement = {
				kind = exactVersion;
				version = 10.19.1;
			};
		};
		09EE41DB2B34A71500D6FF2B /* XCRemoteSwiftPackageReference "GoogleSignIn-iOS" */ = {
			isa = XCRemoteSwiftPackageReference;
			repositoryURL = "https://github.com/google/GoogleSignIn-iOS";
			requirement = {
				kind = upToNextMajorVersion;
				minimumVersion = 7.0.0;
			};
		};
/* End XCRemoteSwiftPackageReference section */

/* Begin XCSwiftPackageProductDependency section */
		096E6DF42B314D0C004D42AB /* FirebaseAnalytics */ = {
			isa = XCSwiftPackageProductDependency;
			package = 096E6DF32B314D0C004D42AB /* XCRemoteSwiftPackageReference "firebase-ios-sdk" */;
			productName = FirebaseAnalytics;
		};
		096E6DF62B314D0C004D42AB /* FirebaseAnalyticsSwift */ = {
			isa = XCSwiftPackageProductDependency;
			package = 096E6DF32B314D0C004D42AB /* XCRemoteSwiftPackageReference "firebase-ios-sdk" */;
			productName = FirebaseAnalyticsSwift;
		};
		096E6DF82B314D0C004D42AB /* FirebaseAuth */ = {
			isa = XCSwiftPackageProductDependency;
			package = 096E6DF32B314D0C004D42AB /* XCRemoteSwiftPackageReference "firebase-ios-sdk" */;
			productName = FirebaseAuth;
		};
		096E6DFA2B314D0C004D42AB /* FirebaseCrashlytics */ = {
			isa = XCSwiftPackageProductDependency;
			package = 096E6DF32B314D0C004D42AB /* XCRemoteSwiftPackageReference "firebase-ios-sdk" */;
			productName = FirebaseCrashlytics;
		};
		09EE41DC2B34A71500D6FF2B /* GoogleSignIn */ = {
			isa = XCSwiftPackageProductDependency;
			package = 09EE41DB2B34A71500D6FF2B /* XCRemoteSwiftPackageReference "GoogleSignIn-iOS" */;
			productName = GoogleSignIn;
		};
		09EE41DE2B34A71500D6FF2B /* GoogleSignInSwift */ = {
			isa = XCSwiftPackageProductDependency;
			package = 09EE41DB2B34A71500D6FF2B /* XCRemoteSwiftPackageReference "GoogleSignIn-iOS" */;
			productName = GoogleSignInSwift;
		};
/* End XCSwiftPackageProductDependency section */

/* Begin XCVersionGroup section */
		096E6DC72B30FE28004D42AB /* Bookiverse.xcdatamodeld */ = {
			isa = XCVersionGroup;
			children = (
				096E6DC82B30FE28004D42AB /* Bookiverse.xcdatamodel */,
			);
			currentVersion = 096E6DC82B30FE28004D42AB /* Bookiverse.xcdatamodel */;
			path = Bookiverse.xcdatamodeld;
			sourceTree = "<group>";
			versionGroupType = wrapper.xcdatamodel;
		};
/* End XCVersionGroup section */
	};
	rootObject = 096E6DB32B30FE27004D42AB /* Project object */;
}
